
Microsoft Visual Studio Solution File, Format Version 12.00
# Visual Studio Version 16
VisualStudioVersion = 16.0.30204.135
MinimumVisualStudioVersion = 10.0.40219.1
Project("{FAE04EC0-301F-11D3-BF4B-00C04F79EFBC}") = "RevitToDatabase", "RevitToDatabase.csproj", "{4E492908-09E1-4C1B-B2CC-FA13599C890F}"
EndProject
Global
	GlobalSection(SolutionConfigurationPlatforms) = preSolution
		Debug|Any CPU = Debug|Any CPU
		Debug|x64 = Debug|x64
		Release|Any CPU = Release|Any CPU
		Release|x64 = Release|x64
	EndGlobalSection
	GlobalSection(ProjectConfigurationPlatforms) = postSolution
		{4E492908-09E1-4C1B-B2CC-FA13599C890F}.Debug|Any CPU.ActiveCfg = Debug|Any CPU
		{4E492908-09E1-4C1B-B2CC-FA13599C890F}.Debug|Any CPU.Build.0 = Debug|Any CPU
		{4E492908-09E1-4C1B-B2CC-FA13599C890F}.Debug|x64.ActiveCfg = Debug|x64
		{4E492908-09E1-4C1B-B2CC-FA13599C890F}.Debug|x64.Build.0 = Debug|x64
		{4E492908-09E1-4C1B-B2CC-FA13599C890F}.Release|Any CPU.ActiveCfg = Release|Any CPU
		{4E492908-09E1-4C1B-B2CC-FA13599C890F}.Release|Any CPU.Build.0 = Release|Any CPU
		{4E492908-09E1-4C1B-B2CC-FA13599C890F}.Release|x64.ActiveCfg = Release|x64
		{4E492908-09E1-4C1B-B2CC-FA13599C890F}.Release|x64.Build.0 = Release|x64
	EndGlobalSection
	GlobalSection(SolutionProperties) = preSolution
		HideSolutionNode = FALSE
	EndGlobalSection
	GlobalSection(ExtensibilityGlobals) = postSolution
		SolutionGuid = {A45FD559-98EF-4539-96FE-1D68D853B72B}
	EndGlobalSection
EndGlobal
